github.com/bebiksior/go-fast v0.0.4 h1:9IHt/TTv6/JdxWfRAj8MnPPYHa2kAaMDiB20uOtGUwQ=
github.com/bebiksior/go-fast v0.0.4/go.mod h1:cEfF1gIyABHQwlO7vtRHikdLgtrDFiEI1xfLzBh7f9I=
github.com/nukilabs/unicodeid v0.1.0 h1:+CtAaV9CkgVA3Jy9V29yb57DPCLsnWUJrP9LxhkD89w=
github.com/nukilabs/unicodeid v0.1.0/go.mod h1:3qxjfcmcgVYBg9dMRNSniAVfqxwOed7JU7P2rPkJrRg=
